
Microsoft Visual Studio Solution File, Format Version 12.00
# Visual Studio Version 16
VisualStudioVersion = 25.0.1706.14
MinimumVisualStudioVersion = 10.0.40219.1
Project("{FAE04EC0-301F-11D3-BF4B-00C04F79EFBC}") = "CONSOLEAPP(APPDEV)", "CONSOLEAPP(APPDEV)\CONSOLEAPP(APPDEV).csproj", "{637E1B7B-D9FD-42E2-9D9A-D88E7347E35D}"
EndProject
Global
	GlobalSection(SolutionConfigurationPlatforms) = preSolution
		Debug|Any CPU = Debug|Any CPU
		Release|Any CPU = Release|Any CPU
	EndGlobalSection
	GlobalSection(ProjectConfigurationPlatforms) = postSolution
		{637E1B7B-D9FD-42E2-9D9A-D88E7347E35D}.Debug|Any CPU.ActiveCfg = Debug|Any CPU
		{637E1B7B-D9FD-42E2-9D9A-D88E7347E35D}.Debug|Any CPU.Build.0 = Debug|Any CPU
		{637E1B7B-D9FD-42E2-9D9A-D88E7347E35D}.Release|Any CPU.ActiveCfg = Release|Any CPU
		{637E1B7B-D9FD-42E2-9D9A-D88E7347E35D}.Release|Any CPU.Build.0 = Release|Any CPU
	EndGlobalSection
	GlobalSection(SolutionProperties) = preSolution
		HideSolutionNode = FALSE
	EndGlobalSection
	GlobalSection(ExtensibilityGlobals) = postSolution
		SolutionGuid = {944D6EBA-5478-40F7-B116-B5936362B4CF}
	EndGlobalSection
EndGlobal
